
Microsoft Visual Studio Solution File, Format Version 12.00
# Visual Studio 15
VisualStudioVersion = 15.0.28307.329
MinimumVisualStudioVersion = 10.0.40219.1
Project("{FAE04EC0-301F-11D3-BF4B-00C04F79EFBC}") = "MarsRover", "MarsRover\MarsRover.csproj", "{16C3D8BE-6486-40A6-A196-79B024A4C775}"
EndProject
Global
	GlobalSection(SolutionConfigurationPlatforms) = preSolution
		Debug|Any CPU = Debug|Any CPU
		Release|Any CPU = Release|Any CPU
	EndGlobalSection
	GlobalSection(ProjectConfigurationPlatforms) = postSolution
		{16C3D8BE-6486-40A6-A196-79B024A4C775}.Debug|Any CPU.ActiveCfg = Debug|Any CPU
		{16C3D8BE-6486-40A6-A196-79B024A4C775}.Debug|Any CPU.Build.0 = Debug|Any CPU
		{16C3D8BE-6486-40A6-A196-79B024A4C775}.Release|Any CPU.ActiveCfg = Release|Any CPU
		{16C3D8BE-6486-40A6-A196-79B024A4C775}.Release|Any CPU.Build.0 = Release|Any CPU
	EndGlobalSection
	GlobalSection(SolutionProperties) = preSolution
		HideSolutionNode = FALSE
	EndGlobalSection
	GlobalSection(ExtensibilityGlobals) = postSolution
		SolutionGuid = {8DDA4D73-F3F3-4FD7-ADE0-95445ABB13BB}
	EndGlobalSection
EndGlobal
